
Microsoft Visual Studio Solution File, Format Version 12.00
# Visual Studio Version 16
VisualStudioVersion = 16.0.29613.14
MinimumVisualStudioVersion = 10.0.40219.1
Project("{2150E333-8FDC-42A3-9474-1A3956D46DE8}") = "Solution Items", "Solution Items", "{427AFB15-6FC0-471A-AF1E-6378C3E60333}"
	ProjectSection(SolutionItems) = preProject
		.gitignore = .gitignore
		README.md = README.md
	EndProjectSection
EndProject
Project("{9A19103F-16F7-4668-BE54-9A1E7A4F7556}") = "Object_Adaptor", "Object_Adaptor\Object_Adaptor.csproj", "{8DF069A5-504E-47BA-9557-9CF814219088}"
EndProject
Project("{FAE04EC0-301F-11D3-BF4B-00C04F79EFBC}") = "Facade", "Facade\Facade.csproj", "{AEB86702-CE6F-461F-B56C-4D7ADB3AF1FC}"
EndProject
Global
	GlobalSection(SolutionConfigurationPlatforms) = preSolution
		Debug|Any CPU = Debug|Any CPU
		Release|Any CPU = Release|Any CPU
	EndGlobalSection
	GlobalSection(ProjectConfigurationPlatforms) = postSolution
		{8DF069A5-504E-47BA-9557-9CF814219088}.Debug|Any CPU.ActiveCfg = Debug|Any CPU
		{8DF069A5-504E-47BA-9557-9CF814219088}.Debug|Any CPU.Build.0 = Debug|Any CPU
		{8DF069A5-504E-47BA-9557-9CF814219088}.Release|Any CPU.ActiveCfg = Release|Any CPU
		{8DF069A5-504E-47BA-9557-9CF814219088}.Release|Any CPU.Build.0 = Release|Any CPU
		{AEB86702-CE6F-461F-B56C-4D7ADB3AF1FC}.Debug|Any CPU.ActiveCfg = Debug|Any CPU
		{AEB86702-CE6F-461F-B56C-4D7ADB3AF1FC}.Debug|Any CPU.Build.0 = Debug|Any CPU
		{AEB86702-CE6F-461F-B56C-4D7ADB3AF1FC}.Release|Any CPU.ActiveCfg = Release|Any CPU
		{AEB86702-CE6F-461F-B56C-4D7ADB3AF1FC}.Release|Any CPU.Build.0 = Release|Any CPU
	EndGlobalSection
	GlobalSection(SolutionProperties) = preSolution
		HideSolutionNode = FALSE
	EndGlobalSection
	GlobalSection(ExtensibilityGlobals) = postSolution
		SolutionGuid = {4BC9D761-3D55-45B0-A666-37E51C2F0247}
	EndGlobalSection
EndGlobal
